
Microsoft Visual Studio Solution File, Format Version 12.00
# Visual Studio 15
VisualStudioVersion = 15.0.28307.705
MinimumVisualStudioVersion = 10.0.40219.1
Project("{FAE04EC0-301F-11D3-BF4B-00C04F79EFBC}") = "binui.Android", "binui\binui.Android\binui.Android.csproj", "{93A963F6-2615-43C9-BA88-77EE02198D52}"
EndProject
Project("{FAE04EC0-301F-11D3-BF4B-00C04F79EFBC}") = "binui.iOS", "binui\binui.iOS\binui.iOS.csproj", "{C3D75C0C-AF8B-4011-BC4A-D5D6A1AA41E7}"
EndProject
Project("{FAE04EC0-301F-11D3-BF4B-00C04F79EFBC}") = "binui", "binui\binui\binui.csproj", "{1A58645B-846F-44C5-B32E-6A8C9C684CB3}"
EndProject
Global
	GlobalSection(SolutionConfigurationPlatforms) = preSolution
		Ad-Hoc|Any CPU = Ad-Hoc|Any CPU
		Ad-Hoc|iPhone = Ad-Hoc|iPhone
		Ad-Hoc|iPhoneSimulator = Ad-Hoc|iPhoneSimulator
		AppStore|Any CPU = AppStore|Any CPU
		AppStore|iPhone = AppStore|iPhone
		AppStore|iPhoneSimulator = AppStore|iPhoneSimulator
		Debug|Any CPU = Debug|Any CPU
		Debug|iPhone = Debug|iPhone
		Debug|iPhoneSimulator = Debug|iPhoneSimulator
		Release|Any CPU = Release|Any CPU
		Release|iPhone = Release|iPhone
		Release|iPhoneSimulator = Release|iPhoneSimulator
	EndGlobalSection
	GlobalSection(ProjectConfigurationPlatforms) = postSolution
		{93A963F6-2615-43C9-BA88-77EE02198D52}.Ad-Hoc|Any CPU.ActiveCfg = Release|Any CPU
		{93A963F6-2615-43C9-BA88-77EE02198D52}.Ad-Hoc|Any CPU.Build.0 = Release|Any CPU
		{93A963F6-2615-43C9-BA88-77EE02198D52}.Ad-Hoc|Any CPU.Deploy.0 = Release|Any CPU
		{93A963F6-2615-43C9-BA88-77EE02198D52}.Ad-Hoc|iPhone.ActiveCfg = Release|Any CPU
		{93A963F6-2615-43C9-BA88-77EE02198D52}.Ad-Hoc|iPhone.Build.0 = Release|Any CPU
		{93A963F6-2615-43C9-BA88-77EE02198D52}.Ad-Hoc|iPhone.Deploy.0 = Release|Any CPU
		{93A963F6-2615-43C9-BA88-77EE02198D52}.Ad-Hoc|iPhoneSimulator.ActiveCfg = Release|Any CPU
		{93A963F6-2615-43C9-BA88-77EE02198D52}.Ad-Hoc|iPhoneSimulator.Build.0 = Release|Any CPU
		{93A963F6-2615-43C9-BA88-77EE02198D52}.Ad-Hoc|iPhoneSimulator.Deploy.0 = Release|Any CPU
		{93A963F6-2615-43C9-BA88-77EE02198D52}.AppStore|Any CPU.ActiveCfg = Release|Any CPU
		{93A963F6-2615-43C9-BA88-77EE02198D52}.AppStore|Any CPU.Build.0 = Release|Any CPU
		{93A963F6-2615-43C9-BA88-77EE02198D52}.AppStore|Any CPU.Deploy.0 = Release|Any CPU
		{93A963F6-2615-43C9-BA88-77EE02198D52}.AppStore|iPhone.ActiveCfg = Release|Any CPU
		{93A963F6-2615-43C9-BA88-77EE02198D52}.AppStore|iPhone.Build.0 = Release|Any CPU
		{93A963F6-2615-43C9-BA88-77EE02198D52}.AppStore|iPhone.Deploy.0 = Release|Any CPU
		{93A963F6-2615-43C9-BA88-77EE02198D52}.AppStore|iPhoneSimulator.ActiveCfg = Release|Any CPU
		{93A963F6-2615-43C9-BA88-77EE02198D52}.AppStore|iPhoneSimulator.Build.0 = Release|Any CPU
		{93A963F6-2615-43C9-BA88-77EE02198D52}.AppStore|iPhoneSimulator.Deploy.0 = Release|Any CPU
		{93A963F6-2615-43C9-BA88-77EE02198D52}.Debug|Any CPU.ActiveCfg = Debug|Any CPU
		{93A963F6-2615-43C9-BA88-77EE02198D52}.Debug|Any CPU.Build.0 = Debug|Any CPU
		{93A963F6-2615-43C9-BA88-77EE02198D52}.Debug|Any CPU.Deploy.0 = Debug|Any CPU
		{93A963F6-2615-43C9-BA88-77EE02198D52}.Debug|iPhone.ActiveCfg = Debug|Any CPU
		{93A963F6-2615-43C9-BA88-77EE02198D52}.Debug|iPhone.Build.0 = Debug|Any CPU
		{93A963F6-2615-43C9-BA88-77EE02198D52}.Debug|iPhone.Deploy.0 = Debug|Any CPU
		{93A963F6-2615-43C9-BA88-77EE02198D52}.Debug|iPhoneSimulator.ActiveCfg = Debug|Any CPU
		{93A963F6-2615-43C9-BA88-77EE02198D52}.Debug|iPhoneSimulator.Build.0 = Debug|Any CPU
		{93A963F6-2615-43C9-BA88-77EE02198D52}.Debug|iPhoneSimulator.Deploy.0 = Debug|Any CPU
		{93A963F6-2615-43C9-BA88-77EE02198D52}.Release|Any CPU.ActiveCfg = Release|Any CPU
		{93A963F6-2615-43C9-BA88-77EE02198D52}.Release|Any CPU.Build.0 = Release|Any CPU
		{93A963F6-2615-43C9-BA88-77EE02198D52}.Release|Any CPU.Deploy.0 = Release|Any CPU
		{93A963F6-2615-43C9-BA88-77EE02198D52}.Release|iPhone.ActiveCfg = Release|Any CPU
		{93A963F6-2615-43C9-BA88-77EE02198D52}.Release|iPhone.Build.0 = Release|Any CPU
		{93A963F6-2615-43C9-BA88-77EE02198D52}.Release|iPhone.Deploy.0 = Release|Any CPU
		{93A963F6-2615-43C9-BA88-77EE02198D52}.Release|iPhoneSimulator.ActiveCfg = Release|Any CPU
		{93A963F6-2615-43C9-BA88-77EE02198D52}.Release|iPhoneSimulator.Build.0 = Release|Any CPU
		{93A963F6-2615-43C9-BA88-77EE02198D52}.Release|iPhoneSimulator.Deploy.0 = Release|Any CPU
		{C3D75C0C-AF8B-4011-BC4A-D5D6A1AA41E7}.Ad-Hoc|Any CPU.ActiveCfg = Ad-Hoc|iPhone
		{C3D75C0C-AF8B-4011-BC4A-D5D6A1AA41E7}.Ad-Hoc|Any CPU.Build.0 = Ad-Hoc|iPhone
		{C3D75C0C-AF8B-4011-BC4A-D5D6A1AA41E7}.Ad-Hoc|Any CPU.Deploy.0 = Ad-Hoc|iPhone
		{C3D75C0C-AF8B-4011-BC4A-D5D6A1AA41E7}.Ad-Hoc|iPhone.ActiveCfg = Ad-Hoc|iPhone
		{C3D75C0C-AF8B-4011-BC4A-D5D6A1AA41E7}.Ad-Hoc|iPhone.Build.0 = Ad-Hoc|iPhone
		{C3D75C0C-AF8B-4011-BC4A-D5D6A1AA41E7}.Ad-Hoc|iPhone.Deploy.0 = Ad-Hoc|iPhone
		{C3D75C0C-AF8B-4011-BC4A-D5D6A1AA41E7}.Ad-Hoc|iPhoneSimulator.ActiveCfg = Ad-Hoc|iPhoneSimulator
		{C3D75C0C-AF8B-4011-BC4A-D5D6A1AA41E7}.Ad-Hoc|iPhoneSimulator.Build.0 = Ad-Hoc|iPhoneSimulator
		{C3D75C0C-AF8B-4011-BC4A-D5D6A1AA41E7}.Ad-Hoc|iPhoneSimulator.Deploy.0 = Ad-Hoc|iPhoneSimulator
		{C3D75C0C-AF8B-4011-BC4A-D5D6A1AA41E7}.AppStore|Any CPU.ActiveCfg = AppStore|iPhone
		{C3D75C0C-AF8B-4011-BC4A-D5D6A1AA41E7}.AppStore|Any CPU.Build.0 = AppStore|iPhone
		{C3D75C0C-AF8B-4011-BC4A-D5D6A1AA41E7}.AppStore|Any CPU.Deploy.0 = AppStore|iPhone
		{C3D75C0C-AF8B-4011-BC4A-D5D6A1AA41E7}.AppStore|iPhone.ActiveCfg = AppStore|iPhone
		{C3D75C0C-AF8B-4011-BC4A-D5D6A1AA41E7}.AppStore|iPhone.Build.0 = AppStore|iPhone
		{C3D75C0C-AF8B-4011-BC4A-D5D6A1AA41E7}.AppStore|iPhone.Deploy.0 = AppStore|iPhone
		{C3D75C0C-AF8B-4011-BC4A-D5D6A1AA41E7}.AppStore|iPhoneSimulator.ActiveCfg = AppStore|iPhoneSimulator
		{C3D75C0C-AF8B-4011-BC4A-D5D6A1AA41E7}.AppStore|iPhoneSimulator.Build.0 = AppStore|iPhoneSimulator
		{C3D75C0C-AF8B-4011-BC4A-D5D6A1AA41E7}.AppStore|iPhoneSimulator.Deploy.0 = AppStore|iPhoneSimulator
		{C3D75C0C-AF8B-4011-BC4A-D5D6A1AA41E7}.Debug|Any CPU.ActiveCfg = Debug|iPhoneSimulator
		{C3D75C0C-AF8B-4011-BC4A-D5D6A1AA41E7}.Debug|Any CPU.Build.0 = Debug|iPhoneSimulator
		{C3D75C0C-AF8B-4011-BC4A-D5D6A1AA41E7}.Debug|Any CPU.Deploy.0 = Debug|iPhoneSimulator
		{C3D75C0C-AF8B-4011-BC4A-D5D6A1AA41E7}.Debug|iPhone.ActiveCfg = Debug|iPhone
		{C3D75C0C-AF8B-4011-BC4A-D5D6A1AA41E7}.Debug|iPhone.Build.0 = Debug|iPhone
		{C3D75C0C-AF8B-4011-BC4A-D5D6A1AA41E7}.Debug|iPhone.Deploy.0 = Debug|iPhone
		{C3D75C0C-AF8B-4011-BC4A-D5D6A1AA41E7}.Debug|iPhoneSimulator.ActiveCfg = Debug|iPhoneSimulator
		{C3D75C0C-AF8B-4011-BC4A-D5D6A1AA41E7}.Debug|iPhoneSimulator.Build.0 = Debug|iPhoneSimulator
		{C3D75C0C-AF8B-4011-BC4A-D5D6A1AA41E7}.Debug|iPhoneSimulator.Deploy.0 = Debug|iPhoneSimulator
		{C3D75C0C-AF8B-4011-BC4A-D5D6A1AA41E7}.Release|Any CPU.ActiveCfg = Release|iPhone
		{C3D75C0C-AF8B-4011-BC4A-D5D6A1AA41E7}.Release|Any CPU.Build.0 = Release|iPhone
		{C3D75C0C-AF8B-4011-BC4A-D5D6A1AA41E7}.Release|Any CPU.Deploy.0 = Release|iPhone
		{C3D75C0C-AF8B-4011-BC4A-D5D6A1AA41E7}.Release|iPhone.ActiveCfg = Release|iPhone
		{C3D75C0C-AF8B-4011-BC4A-D5D6A1AA41E7}.Release|iPhone.Build.0 = Release|iPhone
		{C3D75C0C-AF8B-4011-BC4A-D5D6A1AA41E7}.Release|iPhone.Deploy.0 = Release|iPhone
		{C3D75C0C-AF8B-4011-BC4A-D5D6A1AA41E7}.Release|iPhoneSimulator.ActiveCfg = Release|iPhoneSimulator
		{C3D75C0C-AF8B-4011-BC4A-D5D6A1AA41E7}.Release|iPhoneSimulator.Build.0 = Release|iPhoneSimulator
		{C3D75C0C-AF8B-4011-BC4A-D5D6A1AA41E7}.Release|iPhoneSimulator.Deploy.0 = Release|iPhoneSimulator
		{1A58645B-846F-44C5-B32E-6A8C9C684CB3}.Ad-Hoc|Any CPU.ActiveCfg = Debug|Any CPU
		{1A58645B-846F-44C5-B32E-6A8C9C684CB3}.Ad-Hoc|Any CPU.Build.0 = Debug|Any CPU
		{1A58645B-846F-44C5-B32E-6A8C9C684CB3}.Ad-Hoc|Any CPU.Deploy.0 = Debug|Any CPU
		{1A58645B-846F-44C5-B32E-6A8C9C684CB3}.Ad-Hoc|iPhone.ActiveCfg = Debug|Any CPU
		{1A58645B-846F-44C5-B32E-6A8C9C684CB3}.Ad-Hoc|iPhone.Build.0 = Debug|Any CPU
		{1A58645B-846F-44C5-B32E-6A8C9C684CB3}.Ad-Hoc|iPhone.Deploy.0 = Debug|Any CPU
		{1A58645B-846F-44C5-B32E-6A8C9C684CB3}.Ad-Hoc|iPhoneSimulator.ActiveCfg = Debug|Any CPU
		{1A58645B-846F-44C5-B32E-6A8C9C684CB3}.Ad-Hoc|iPhoneSimulator.Build.0 = Debug|Any CPU
		{1A58645B-846F-44C5-B32E-6A8C9C684CB3}.Ad-Hoc|iPhoneSimulator.Deploy.0 = Debug|Any CPU
		{1A58645B-846F-44C5-B32E-6A8C9C684CB3}.AppStore|Any CPU.ActiveCfg = Debug|Any CPU
		{1A58645B-846F-44C5-B32E-6A8C9C684CB3}.AppStore|Any CPU.Build.0 = Debug|Any CPU
		{1A58645B-846F-44C5-B32E-6A8C9C684CB3}.AppStore|Any CPU.Deploy.0 = Debug|Any CPU
		{1A58645B-846F-44C5-B32E-6A8C9C684CB3}.AppStore|iPhone.ActiveCfg = Debug|Any CPU
		{1A58645B-846F-44C5-B32E-6A8C9C684CB3}.AppStore|iPhone.Build.0 = Debug|Any CPU
		{1A58645B-846F-44C5-B32E-6A8C9C684CB3}.AppStore|iPhone.Deploy.0 = Debug|Any CPU
		{1A58645B-846F-44C5-B32E-6A8C9C684CB3}.AppStore|iPhoneSimulator.ActiveCfg = Debug|Any CPU
		{1A58645B-846F-44C5-B32E-6A8C9C684CB3}.AppStore|iPhoneSimulator.Build.0 = Debug|Any CPU
		{1A58645B-846F-44C5-B32E-6A8C9C684CB3}.AppStore|iPhoneSimulator.Deploy.0 = Debug|Any CPU
		{1A58645B-846F-44C5-B32E-6A8C9C684CB3}.Debug|Any CPU.ActiveCfg = Debug|Any CPU
		{1A58645B-846F-44C5-B32E-6A8C9C684CB3}.Debug|Any CPU.Build.0 = Debug|Any CPU
		{1A58645B-846F-44C5-B32E-6A8C9C684CB3}.Debug|Any CPU.Deploy.0 = Debug|Any CPU
		{1A58645B-846F-44C5-B32E-6A8C9C684CB3}.Debug|iPhone.ActiveCfg = Debug|Any CPU
		{1A58645B-846F-44C5-B32E-6A8C9C684CB3}.Debug|iPhone.Build.0 = Debug|Any CPU
		{1A58645B-846F-44C5-B32E-6A8C9C684CB3}.Debug|iPhone.Deploy.0 = Debug|Any CPU
		{1A58645B-846F-44C5-B32E-6A8C9C684CB3}.Debug|iPhoneSimulator.ActiveCfg = Debug|Any CPU
		{1A58645B-846F-44C5-B32E-6A8C9C684CB3}.Debug|iPhoneSimulator.Build.0 = Debug|Any CPU
		{1A58645B-846F-44C5-B32E-6A8C9C684CB3}.Debug|iPhoneSimulator.Deploy.0 = Debug|Any CPU
		{1A58645B-846F-44C5-B32E-6A8C9C684CB3}.Release|Any CPU.ActiveCfg = Release|Any CPU
		{1A58645B-846F-44C5-B32E-6A8C9C684CB3}.Release|Any CPU.Build.0 = Release|Any CPU
		{1A58645B-846F-44C5-B32E-6A8C9C684CB3}.Release|Any CPU.Deploy.0 = Release|Any CPU
		{1A58645B-846F-44C5-B32E-6A8C9C684CB3}.Release|iPhone.ActiveCfg = Release|Any CPU
		{1A58645B-846F-44C5-B32E-6A8C9C684CB3}.Release|iPhone.Build.0 = Release|Any CPU
		{1A58645B-846F-44C5-B32E-6A8C9C684CB3}.Release|iPhone.Deploy.0 = Release|Any CPU
		{1A58645B-846F-44C5-B32E-6A8C9C684CB3}.Release|iPhoneSimulator.ActiveCfg = Release|Any CPU
		{1A58645B-846F-44C5-B32E-6A8C9C684CB3}.Release|iPhoneSimulator.Build.0 = Release|Any CPU
		{1A58645B-846F-44C5-B32E-6A8C9C684CB3}.Release|iPhoneSimulator.Deploy.0 = Release|Any CPU
	EndGlobalSection
	GlobalSection(SolutionProperties) = preSolution
		HideSolutionNode = FALSE
	EndGlobalSection
	GlobalSection(ExtensibilityGlobals) = postSolution
		SolutionGuid = {7293B313-8C0C-47C6-A146-8194384BB3DA}
	EndGlobalSection
EndGlobal
